
Microsoft Visual Studio Solution File, Format Version 12.00
# Visual Studio Version 17
VisualStudioVersion = 17.10.35013.160
MinimumVisualStudioVersion = 10.0.40219.1
Project("{9A19103F-16F7-4668-BE54-9A1E7A4F7556}") = "Orders.Backend", "Orders.Backend\Orders.Backend.csproj", "{3FFC73B2-0064-471E-8AB9-C1B33B208F73}"
EndProject
Project("{9A19103F-16F7-4668-BE54-9A1E7A4F7556}") = "Orders.Frontend", "Orders.Frontend\Orders.Frontend.csproj", "{5D345B67-4E9F-47B4-8F09-51380F069CE7}"
EndProject
Project("{9A19103F-16F7-4668-BE54-9A1E7A4F7556}") = "Orders.Shared", "Orders.Shared\Orders.Shared.csproj", "{45AA0195-4739-406F-B33A-6A807DE420A0}"
EndProject
Project("{9A19103F-16F7-4668-BE54-9A1E7A4F7556}") = "Orders.Tests", "Orders.Tests\Orders.Tests.csproj", "{FE0D4ED3-F359-463E-BC3C-CE1A03039075}"
EndProject
Global
	GlobalSection(SolutionConfigurationPlatforms) = preSolution
		Debug|Any CPU = Debug|Any CPU
		Release|Any CPU = Release|Any CPU
	EndGlobalSection
	GlobalSection(ProjectConfigurationPlatforms) = postSolution
		{3FFC73B2-0064-471E-8AB9-C1B33B208F73}.Debug|Any CPU.ActiveCfg = Debug|Any CPU
		{3FFC73B2-0064-471E-8AB9-C1B33B208F73}.Debug|Any CPU.Build.0 = Debug|Any CPU
		{3FFC73B2-0064-471E-8AB9-C1B33B208F73}.Release|Any CPU.ActiveCfg = Release|Any CPU
		{3FFC73B2-0064-471E-8AB9-C1B33B208F73}.Release|Any CPU.Build.0 = Release|Any CPU
		{5D345B67-4E9F-47B4-8F09-51380F069CE7}.Debug|Any CPU.ActiveCfg = Debug|Any CPU
		{5D345B67-4E9F-47B4-8F09-51380F069CE7}.Debug|Any CPU.Build.0 = Debug|Any CPU
		{5D345B67-4E9F-47B4-8F09-51380F069CE7}.Release|Any CPU.ActiveCfg = Release|Any CPU
		{5D345B67-4E9F-47B4-8F09-51380F069CE7}.Release|Any CPU.Build.0 = Release|Any CPU
		{45AA0195-4739-406F-B33A-6A807DE420A0}.Debug|Any CPU.ActiveCfg = Debug|Any CPU
		{45AA0195-4739-406F-B33A-6A807DE420A0}.Debug|Any CPU.Build.0 = Debug|Any CPU
		{45AA0195-4739-406F-B33A-6A807DE420A0}.Release|Any CPU.ActiveCfg = Release|Any CPU
		{45AA0195-4739-406F-B33A-6A807DE420A0}.Release|Any CPU.Build.0 = Release|Any CPU
		{FE0D4ED3-F359-463E-BC3C-CE1A03039075}.Debug|Any CPU.ActiveCfg = Debug|Any CPU
		{FE0D4ED3-F359-463E-BC3C-CE1A03039075}.Debug|Any CPU.Build.0 = Debug|Any CPU
		{FE0D4ED3-F359-463E-BC3C-CE1A03039075}.Release|Any CPU.ActiveCfg = Release|Any CPU
		{FE0D4ED3-F359-463E-BC3C-CE1A03039075}.Release|Any CPU.Build.0 = Release|Any CPU
	EndGlobalSection
	GlobalSection(SolutionProperties) = preSolution
		HideSolutionNode = FALSE
	EndGlobalSection
	GlobalSection(ExtensibilityGlobals) = postSolution
		SolutionGuid = {3615EE57-6D7A-42B6-A32A-1DF7B79D0513}
	EndGlobalSection
EndGlobal
